<Solution>
  <Configurations>
    <Platform Name="Any CPU" />
    <Platform Name="x64" />
    <Platform Name="x86" />
  </Configurations>
  <Project Path="AiToolboxWeb/AiToolboxWeb.csproj" />
  <Project Path="GeneratorTest/GeneratorTest.csproj" />
  <Project Path="Library/Library.csproj" Id="3ee86cdd-b995-47bb-993e-e00170cadd91" />
</Solution>
